
Microsoft Visual Studio Solution File, Format Version 12.00
# Visual Studio Version 16
VisualStudioVersion = 16.0.31321.278
MinimumVisualStudioVersion = 10.0.40219.1
Project("{9A19103F-16F7-4668-BE54-9A1E7A4F7556}") = "Student Database", "Student Database.csproj", "{EDF2364E-8D7F-4452-9001-8BB89F538D34}"
EndProject
Global
	GlobalSection(SolutionConfigurationPlatforms) = preSolution
		Debug|Any CPU = Debug|Any CPU
		Release|Any CPU = Release|Any CPU
	EndGlobalSection
	GlobalSection(ProjectConfigurationPlatforms) = postSolution
		{EDF2364E-8D7F-4452-9001-8BB89F538D34}.Debug|Any CPU.ActiveCfg = Debug|Any CPU
		{EDF2364E-8D7F-4452-9001-8BB89F538D34}.Debug|Any CPU.Build.0 = Debug|Any CPU
		{EDF2364E-8D7F-4452-9001-8BB89F538D34}.Release|Any CPU.ActiveCfg = Release|Any CPU
		{EDF2364E-8D7F-4452-9001-8BB89F538D34}.Release|Any CPU.Build.0 = Release|Any CPU
	EndGlobalSection
	GlobalSection(SolutionProperties) = preSolution
		HideSolutionNode = FALSE
	EndGlobalSection
	GlobalSection(ExtensibilityGlobals) = postSolution
		SolutionGuid = {3E389D24-1090-430F-B0AA-2A44AB889F4D}
	EndGlobalSection
EndGlobal
